
Microsoft Visual Studio Solution File, Format Version 12.00
# Visual Studio Version 17
VisualStudioVersion = 17.5.33502.453
MinimumVisualStudioVersion = 10.0.40219.1
Project("{FAE04EC0-301F-11D3-BF4B-00C04F79EFBC}") = "C#  Keywords", "C#  Keywords.csproj", "{AAC8DF22-F7E1-47FE-86E8-ADD414C54D4C}"
EndProject
Global
	GlobalSection(SolutionConfigurationPlatforms) = preSolution
		Debug|Any CPU = Debug|Any CPU
		Release|Any CPU = Release|Any CPU
	EndGlobalSection
	GlobalSection(ProjectConfigurationPlatforms) = postSolution
		{AAC8DF22-F7E1-47FE-86E8-ADD414C54D4C}.Debug|Any CPU.ActiveCfg = Debug|Any CPU
		{AAC8DF22-F7E1-47FE-86E8-ADD414C54D4C}.Debug|Any CPU.Build.0 = Debug|Any CPU
		{AAC8DF22-F7E1-47FE-86E8-ADD414C54D4C}.Release|Any CPU.ActiveCfg = Release|Any CPU
		{AAC8DF22-F7E1-47FE-86E8-ADD414C54D4C}.Release|Any CPU.Build.0 = Release|Any CPU
	EndGlobalSection
	GlobalSection(SolutionProperties) = preSolution
		HideSolutionNode = FALSE
	EndGlobalSection
	GlobalSection(ExtensibilityGlobals) = postSolution
		SolutionGuid = {256A413F-AE2C-40D6-AFC7-689ED35EB75C}
	EndGlobalSection
EndGlobal
